
Microsoft Visual Studio Solution File, Format Version 12.00
# Visual Studio Version 16
VisualStudioVersion = 16.0.30128.74
MinimumVisualStudioVersion = 10.0.40219.1
Project("{FAE04EC0-301F-11D3-BF4B-00C04F79EFBC}") = "Codility09.1", "Codility09.1\Codility09.1.csproj", "{F5AB6A67-EC60-4D79-A7C4-4CF2E850A711}"
EndProject
Global
	GlobalSection(SolutionConfigurationPlatforms) = preSolution
		Debug|Any CPU = Debug|Any CPU
		Release|Any CPU = Release|Any CPU
	EndGlobalSection
	GlobalSection(ProjectConfigurationPlatforms) = postSolution
		{F5AB6A67-EC60-4D79-A7C4-4CF2E850A711}.Debug|Any CPU.ActiveCfg = Debug|Any CPU
		{F5AB6A67-EC60-4D79-A7C4-4CF2E850A711}.Debug|Any CPU.Build.0 = Debug|Any CPU
		{F5AB6A67-EC60-4D79-A7C4-4CF2E850A711}.Release|Any CPU.ActiveCfg = Release|Any CPU
		{F5AB6A67-EC60-4D79-A7C4-4CF2E850A711}.Release|Any CPU.Build.0 = Release|Any CPU
	EndGlobalSection
	GlobalSection(SolutionProperties) = preSolution
		HideSolutionNode = FALSE
	EndGlobalSection
	GlobalSection(ExtensibilityGlobals) = postSolution
		SolutionGuid = {15B6A1DC-F466-4177-ACD7-0B0DCAFC04A5}
	EndGlobalSection
EndGlobal
